// !$*UTF8*$!
{
	archiveVersion = 1;
	classes = {
	};
	objectVersion = 56;
	objects = {

/* Begin PBXBuildFile section */
		171107AF292A7B630033E719 /* BuyNowViewController.swift in Sources */ = {isa = PBXBuildFile; fileRef = 171107AE292A7B630033E719 /* BuyNowViewController.swift */; };
		171107B5292AB58B0033E719 /* StoreKit.framework in Frameworks */ = {isa = PBXBuildFile; fileRef = 171107B4292AB58B0033E719 /* StoreKit.framework */; };
		172CEA4528FC1FAA006D297B /* AppDelegate.swift in Sources */ = {isa = PBXBuildFile; fileRef = 172CEA4428FC1FAA006D297B /* AppDelegate.swift */; };
		172CEA4728FC1FAA006D297B /* SceneDelegate.swift in Sources */ = {isa = PBXBuildFile; fileRef = 172CEA4628FC1FAA006D297B /* SceneDelegate.swift */; };
		172CEA4928FC1FAA006D297B /* DialerViewController.swift in Sources */ = {isa = PBXBuildFile; fileRef = 172CEA4828FC1FAA006D297B /* DialerViewController.swift */; };
		172CEA4C28FC1FAA006D297B /* Main.storyboard in Resources */ = {isa = PBXBuildFile; fileRef = 172CEA4A28FC1FAA006D297B /* Main.storyboard */; };
		172CEA4E28FC1FAA006D297B /* Assets.xcassets in Resources */ = {isa = PBXBuildFile; fileRef = 172CEA4D28FC1FAA006D297B /* Assets.xcassets */; };
		172CEA5128FC1FAA006D297B /* LaunchScreen.storyboard in Resources */ = {isa = PBXBuildFile; fileRef = 172CEA4F28FC1FAA006D297B /* LaunchScreen.storyboard */; };
		173D9BC228FDC13800D8BE25 /* Service.swift in Sources */ = {isa = PBXBuildFile; fileRef = 173D9BC128FDC13800D8BE25 /* Service.swift */; };
		177662A22902F51B001FDEF7 /* SettingTableViewController.swift in Sources */ = {isa = PBXBuildFile; fileRef = 177662A12902F51B001FDEF7 /* SettingTableViewController.swift */; };
		17863A1D292ACEF20023077F /* KeychainSwift in Frameworks */ = {isa = PBXBuildFile; productRef = 17863A1C292ACEF20023077F /* KeychainSwift */; };
		17C541332903F71C0032F15B /* CallHistoryData.xcdatamodeld in Sources */ = {isa = PBXBuildFile; fileRef = 17C541312903F71C0032F15B /* CallHistoryData.xcdatamodeld */; };
		17C541352903F86D0032F15B /* CallHistoryViewController.swift in Sources */ = {isa = PBXBuildFile; fileRef = 17C541342903F86D0032F15B /* CallHistoryViewController.swift */; };
		17C541372903FC100032F15B /* CallHistoryTableViewCell.swift in Sources */ = {isa = PBXBuildFile; fileRef = 17C541362903FC100032F15B /* CallHistoryTableViewCell.swift */; };
		17C54139290408650032F15B /* CoreData.swift in Sources */ = {isa = PBXBuildFile; fileRef = 17C54138290408650032F15B /* CoreData.swift */; };
		17C7BCBE28FC8F9900C22CAA /* ContactsViewController.swift in Sources */ = {isa = PBXBuildFile; fileRef = 17C7BCBD28FC8F9900C22CAA /* ContactsViewController.swift */; };
		17C7BCC028FC906500C22CAA /* ContactsTableViewCell.swift in Sources */ = {isa = PBXBuildFile; fileRef = 17C7BCBF28FC906500C22CAA /* ContactsTableViewCell.swift */; };
/* End PBXBuildFile section */

/* Begin PBXFileReference section */
		171107AE292A7B630033E719 /* BuyNowViewController.swift */ = {isa = PBXFileReference; lastKnownFileType = sourcecode.swift; path = BuyNowViewController.swift; sourceTree = "<group>"; };
		171107B4292AB58B0033E719 /* StoreKit.framework */ = {isa = PBXFileReference; lastKnownFileType = wrapper.framework; name = StoreKit.framework; path = System/Library/Frameworks/StoreKit.framework; sourceTree = SDKROOT; };
		172CEA4128FC1FAA006D297B /* Pcaller.app */ = {isa = PBXFileReference; explicitFileType = wrapper.application; includeInIndex = 0; path = Pcaller.app; sourceTree = BUILT_PRODUCTS_DIR; };
		172CEA4428FC1FAA006D297B /* AppDelegate.swift */ = {isa = PBXFileReference; lastKnownFileType = sourcecode.swift; path = AppDelegate.swift; sourceTree = "<group>"; };
		172CEA4628FC1FAA006D297B /* SceneDelegate.swift */ = {isa = PBXFileReference; lastKnownFileType = sourcecode.swift; path = SceneDelegate.swift; sourceTree = "<group>"; };
		172CEA4828FC1FAA006D297B /* DialerViewController.swift */ = {isa = PBXFileReference; lastKnownFileType = sourcecode.swift; path = DialerViewController.swift; sourceTree = "<group>"; };
		172CEA4B28FC1FAA006D297B /* Base */ = {isa = PBXFileReference; lastKnownFileType = file.storyboard; name = Base; path = Base.lproj/Main.storyboard; sourceTree = "<group>"; };
		172CEA4D28FC1FAA006D297B /* Assets.xcassets */ = {isa = PBXFileReference; lastKnownFileType = folder.assetcatalog; path = Assets.xcassets; sourceTree = "<group>"; };
		172CEA5028FC1FAA006D297B /* Base */ = {isa = PBXFileReference; lastKnownFileType = file.storyboard; name = Base; path = Base.lproj/LaunchScreen.storyboard; sourceTree = "<group>"; };
		172CEA5228FC1FAA006D297B /* Info.plist */ = {isa = PBXFileReference; lastKnownFileType = text.plist.xml; path = Info.plist; sourceTree = "<group>"; };
		173D9BC128FDC13800D8BE25 /* Service.swift */ = {isa = PBXFileReference; lastKnownFileType = sourcecode.swift; path = Service.swift; sourceTree = "<group>"; };
		177662A12902F51B001FDEF7 /* SettingTableViewController.swift */ = {isa = PBXFileReference; lastKnownFileType = sourcecode.swift; path = SettingTableViewController.swift; sourceTree = "<group>"; };
		17C541322903F71C0032F15B /* CallHistoryData.xcdatamodel */ = {isa = PBXFileReference; lastKnownFileType = wrapper.xcdatamodel; path = CallHistoryData.xcdatamodel; sourceTree = "<group>"; };
		17C541342903F86D0032F15B /* CallHistoryViewController.swift */ = {isa = PBXFileReference; lastKnownFileType = sourcecode.swift; path = CallHistoryViewController.swift; sourceTree = "<group>"; };
		17C541362903FC100032F15B /* CallHistoryTableViewCell.swift */ = {isa = PBXFileReference; lastKnownFileType = sourcecode.swift; path = CallHistoryTableViewCell.swift; sourceTree = "<group>"; };
		17C54138290408650032F15B /* CoreData.swift */ = {isa = PBXFileReference; lastKnownFileType = sourcecode.swift; path = CoreData.swift; sourceTree = "<group>"; };
		17C7BCBD28FC8F9900C22CAA /* ContactsViewController.swift */ = {isa = PBXFileReference; lastKnownFileType = sourcecode.swift; path = ContactsViewController.swift; sourceTree = "<group>"; };
		17C7BCBF28FC906500C22CAA /* ContactsTableViewCell.swift */ = {isa = PBXFileReference; lastKnownFileType = sourcecode.swift; path = ContactsTableViewCell.swift; sourceTree = "<group>"; };
/* End PBXFileReference section */

/* Begin PBXFrameworksBuildPhase section */
		172CEA3E28FC1FAA006D297B /* Frameworks */ = {
			isa = PBXFrameworksBuildPhase;
			buildActionMask = 2147483647;
			files = (
				17863A1D292ACEF20023077F /* KeychainSwift in Frameworks */,
				171107B5292AB58B0033E719 /* StoreKit.framework in Frameworks */,
			);
			runOnlyForDeploymentPostprocessing = 0;
		};
/* End PBXFrameworksBuildPhase section */

/* Begin PBXGroup section */
		171107B3292AB58B0033E719 /* Frameworks */ = {
			isa = PBXGroup;
			children = (
				171107B4292AB58B0033E719 /* StoreKit.framework */,
			);
			name = Frameworks;
			sourceTree = "<group>";
		};
		1712768729044FF10089804B /* VCS */ = {
			isa = PBXGroup;
			children = (
				172CEA4828FC1FAA006D297B /* DialerViewController.swift */,
				17C7BCBD28FC8F9900C22CAA /* ContactsViewController.swift */,
				17C541342903F86D0032F15B /* CallHistoryViewController.swift */,
				177662A12902F51B001FDEF7 /* SettingTableViewController.swift */,
				171107AE292A7B630033E719 /* BuyNowViewController.swift */,
			);
			path = VCS;
			sourceTree = "<group>";
		};
		1712768A290450420089804B /* CoreData */ = {
			isa = PBXGroup;
			children = (
				17C541312903F71C0032F15B /* CallHistoryData.xcdatamodeld */,
				17C54138290408650032F15B /* CoreData.swift */,
			);
			path = CoreData;
			sourceTree = "<group>";
		};
		1712768E2904507A0089804B /* Cells */ = {
			isa = PBXGroup;
			children = (
				17C541362903FC100032F15B /* CallHistoryTableViewCell.swift */,
				17C7BCBF28FC906500C22CAA /* ContactsTableViewCell.swift */,
			);
			path = Cells;
			sourceTree = "<group>";
		};
		172CEA3828FC1FA9006D297B = {
			isa = PBXGroup;
			children = (
				172CEA4328FC1FAA006D297B /* Pcaller */,
				172CEA4228FC1FAA006D297B /* Products */,
				171107B3292AB58B0033E719 /* Frameworks */,
			);
			sourceTree = "<group>";
		};
		172CEA4228FC1FAA006D297B /* Products */ = {
			isa = PBXGroup;
			children = (
				172CEA4128FC1FAA006D297B /* Pcaller.app */,
			);
			name = Products;
			sourceTree = "<group>";
		};
		172CEA4328FC1FAA006D297B /* Pcaller */ = {
			isa = PBXGroup;
			children = (
				172CEA4428FC1FAA006D297B /* AppDelegate.swift */,
				172CEA4628FC1FAA006D297B /* SceneDelegate.swift */,
				173D9BC128FDC13800D8BE25 /* Service.swift */,
				1712768E2904507A0089804B /* Cells */,
				1712768729044FF10089804B /* VCS */,
				1712768A290450420089804B /* CoreData */,
				172CEA4D28FC1FAA006D297B /* Assets.xcassets */,
				172CEA4A28FC1FAA006D297B /* Main.storyboard */,
				172CEA4F28FC1FAA006D297B /* LaunchScreen.storyboard */,
				172CEA5228FC1FAA006D297B /* Info.plist */,
			);
			path = Pcaller;
			sourceTree = "<group>";
		};
/* End PBXGroup section */

/* Begin PBXNativeTarget section */
		172CEA4028FC1FAA006D297B /* Pcaller */ = {
			isa = PBXNativeTarget;
			buildConfigurationList = 172CEA5528FC1FAA006D297B /* Build configuration list for PBXNativeTarget "Pcaller" */;
			buildPhases = (
				172CEA3D28FC1FAA006D297B /* Sources */,
				172CEA3E28FC1FAA006D297B /* Frameworks */,
				172CEA3F28FC1FAA006D297B /* Resources */,
			);
			buildRules = (
			);
			dependencies = (
			);
			name = Pcaller;
			packageProductDependencies = (
				17863A1C292ACEF20023077F /* KeychainSwift */,
			);
			productName = Pcaller;
			productReference = 172CEA4128FC1FAA006D297B /* Pcaller.app */;
			productType = "com.apple.product-type.application";
		};
/* End PBXNativeTarget section */

/* Begin PBXProject section */
		172CEA3928FC1FA9006D297B /* Project object */ = {
			isa = PBXProject;
			attributes = {
				BuildIndependentTargetsInParallel = 1;
				LastSwiftUpdateCheck = 1400;
				LastUpgradeCheck = 1400;
				TargetAttributes = {
					172CEA4028FC1FAA006D297B = {
						CreatedOnToolsVersion = 14.0.1;
					};
				};
			};
			buildConfigurationList = 172CEA3C28FC1FA9006D297B /* Build configuration list for PBXProject "Pcaller" */;
			compatibilityVersion = "Xcode 14.0";
			developmentRegion = en;
			hasScannedForEncodings = 0;
			knownRegions = (
				en,
				Base,
			);
			mainGroup = 172CEA3828FC1FA9006D297B;
			packageReferences = (
				17863A1B292ACEF20023077F /* XCRemoteSwiftPackageReference "keychain-swift" */,
			);
			productRefGroup = 172CEA4228FC1FAA006D297B /* Products */;
			projectDirPath = "";
			projectRoot = "";
			targets = (
				172CEA4028FC1FAA006D297B /* Pcaller */,
			);
		};
/* End PBXProject section */

/* Begin PBXResourcesBuildPhase section */
		172CEA3F28FC1FAA006D297B /* Resources */ = {
			isa = PBXResourcesBuildPhase;
			buildActionMask = 2147483647;
			files = (
				172CEA5128FC1FAA006D297B /* LaunchScreen.storyboard in Resources */,
				172CEA4E28FC1FAA006D297B /* Assets.xcassets in Resources */,
				172CEA4C28FC1FAA006D297B /* Main.storyboard in Resources */,
			);
			runOnlyForDeploymentPostprocessing = 0;
		};
/* End PBXResourcesBuildPhase section */

/* Begin PBXSourcesBuildPhase section */
		172CEA3D28FC1FAA006D297B /* Sources */ = {
			isa = PBXSourcesBuildPhase;
			buildActionMask = 2147483647;
			files = (
				17C541372903FC100032F15B /* CallHistoryTableViewCell.swift in Sources */,
				172CEA4928FC1FAA006D297B /* DialerViewController.swift in Sources */,
				17C541352903F86D0032F15B /* CallHistoryViewController.swift in Sources */,
				17C7BCBE28FC8F9900C22CAA /* ContactsViewController.swift in Sources */,
				17C7BCC028FC906500C22CAA /* ContactsTableViewCell.swift in Sources */,
				172CEA4528FC1FAA006D297B /* AppDelegate.swift in Sources */,
				171107AF292A7B630033E719 /* BuyNowViewController.swift in Sources */,
				17C541332903F71C0032F15B /* CallHistoryData.xcdatamodeld in Sources */,
				172CEA4728FC1FAA006D297B /* SceneDelegate.swift in Sources */,
				177662A22902F51B001FDEF7 /* SettingTableViewController.swift in Sources */,
				17C54139290408650032F15B /* CoreData.swift in Sources */,
				173D9BC228FDC13800D8BE25 /* Service.swift in Sources */,
			);
			runOnlyForDeploymentPostprocessing = 0;
		};
/* End PBXSourcesBuildPhase section */

/* Begin PBXVariantGroup section */
		172CEA4A28FC1FAA006D297B /* Main.storyboard */ = {
			isa = PBXVariantGroup;
			children = (
				172CEA4B28FC1FAA006D297B /* Base */,
			);
			name = Main.storyboard;
			sourceTree = "<group>";
		};
		172CEA4F28FC1FAA006D297B /* LaunchScreen.storyboard */ = {
			isa = PBXVariantGroup;
			children = (
				172CEA5028FC1FAA006D297B /* Base */,
			);
			name = LaunchScreen.storyboard;
			sourceTree = "<group>";
		};
/* End PBXVariantGroup section */

/* Begin XCBuildConfiguration section */
		172CEA5328FC1FAA006D297B /* Debug */ = {
			isa = XCBuildConfiguration;
			buildSettings = {
				ALWAYS_SEARCH_USER_PATHS = NO;
				CLANG_ANALYZER_NONNULL = YES;
				CLANG_ANALYZER_NUMBER_OBJECT_CONVERSION = YES_AGGRESSIVE;
				CLANG_CXX_LANGUAGE_STANDARD = "gnu++20";
				CLANG_ENABLE_MODULES = YES;
				CLANG_ENABLE_OBJC_ARC = YES;
				CLANG_ENABLE_OBJC_WEAK = YES;
				CLANG_WARN_BLOCK_CAPTURE_AUTORELEASING = YES;
				CLANG_WARN_BOOL_CONVERSION = YES;
				CLANG_WARN_COMMA = YES;
				CLANG_WARN_CONSTANT_CONVERSION = YES;
				CLANG_WARN_DEPRECATED_OBJC_IMPLEMENTATIONS = YES;
				CLANG_WARN_DIRECT_OBJC_ISA_USAGE = YES_ERROR;
				CLANG_WARN_DOCUMENTATION_COMMENTS = YES;
				CLANG_WARN_EMPTY_BODY = YES;
				CLANG_WARN_ENUM_CONVERSION = YES;
				CLANG_WARN_INFINITE_RECURSION = YES;
				CLANG_WARN_INT_CONVERSION = YES;
				CLANG_WARN_NON_LITERAL_NULL_CONVERSION = YES;
				CLANG_WARN_OBJC_IMPLICIT_RETAIN_SELF = YES;
				CLANG_WARN_OBJC_LITERAL_CONVERSION = YES;
				CLANG_WARN_OBJC_ROOT_CLASS = YES_ERROR;
				CLANG_WARN_QUOTED_INCLUDE_IN_FRAMEWORK_HEADER = YES;
				CLANG_WARN_RANGE_LOOP_ANALYSIS = YES;
				CLANG_WARN_STRICT_PROTOTYPES = YES;
				CLANG_WARN_SUSPICIOUS_MOVE = YES;
				CLANG_WARN_UNGUARDED_AVAILABILITY = YES_AGGRESSIVE;
				CLANG_WARN_UNREACHABLE_CODE = YES;
				CLANG_WARN__DUPLICATE_METHOD_MATCH = YES;
				COPY_PHASE_STRIP = NO;
				DEBUG_INFORMATION_FORMAT = dwarf;
				ENABLE_STRICT_OBJC_MSGSEND = YES;
				ENABLE_TESTABILITY = YES;
				GCC_C_LANGUAGE_STANDARD = gnu11;
				GCC_DYNAMIC_NO_PIC = NO;
				GCC_NO_COMMON_BLOCKS = YES;
				GCC_OPTIMIZATION_LEVEL = 0;
				GCC_PREPROCESSOR_DEFINITIONS = (
					"DEBUG=1",
					"$(inherited)",
				);
				GCC_WARN_64_TO_32_BIT_CONVERSION = YES;
				GCC_WARN_ABOUT_RETURN_TYPE = YES_ERROR;
				GCC_WARN_UNDECLARED_SELECTOR = YES;
				GCC_WARN_UNINITIALIZED_AUTOS = YES_AGGRESSIVE;
				GCC_WARN_UNUSED_FUNCTION = YES;
				GCC_WARN_UNUSED_VARIABLE = YES;
				IPHONEOS_DEPLOYMENT_TARGET = 14.1;
				MTL_ENABLE_DEBUG_INFO = INCLUDE_SOURCE;
				MTL_FAST_MATH = YES;
				ONLY_ACTIVE_ARCH = YES;
				SDKROOT = iphoneos;
				SWIFT_ACTIVE_COMPILATION_CONDITIONS = DEBUG;
				SWIFT_OPTIMIZATION_LEVEL = "-Onone";
			};
			name = Debug;
		};
		172CEA5428FC1FAA006D297B /* Release */ = {
			isa = XCBuildConfiguration;
			buildSettings = {
				ALWAYS_SEARCH_USER_PATHS = NO;
				CLANG_ANALYZER_NONNULL = YES;
				CLANG_ANALYZER_NUMBER_OBJECT_CONVERSION = YES_AGGRESSIVE;
				CLANG_CXX_LANGUAGE_STANDARD = "gnu++20";
				CLANG_ENABLE_MODULES = YES;
				CLANG_ENABLE_OBJC_ARC = YES;
				CLANG_ENABLE_OBJC_WEAK = YES;
				CLANG_WARN_BLOCK_CAPTURE_AUTORELEASING = YES;
				CLANG_WARN_BOOL_CONVERSION = YES;
				CLANG_WARN_COMMA = YES;
				CLANG_WARN_CONSTANT_CONVERSION = YES;
				CLANG_WARN_DEPRECATED_OBJC_IMPLEMENTATIONS = YES;
				CLANG_WARN_DIRECT_OBJC_ISA_USAGE = YES_ERROR;
				CLANG_WARN_DOCUMENTATION_COMMENTS = YES;
				CLANG_WARN_EMPTY_BODY = YES;
				CLANG_WARN_ENUM_CONVERSION = YES;
				CLANG_WARN_INFINITE_RECURSION = YES;
				CLANG_WARN_INT_CONVERSION = YES;
				CLANG_WARN_NON_LITERAL_NULL_CONVERSION = YES;
				CLANG_WARN_OBJC_IMPLICIT_RETAIN_SELF = YES;
				CLANG_WARN_OBJC_LITERAL_CONVERSION = YES;
				CLANG_WARN_OBJC_ROOT_CLASS = YES_ERROR;
				CLANG_WARN_QUOTED_INCLUDE_IN_FRAMEWORK_HEADER = YES;
				CLANG_WARN_RANGE_LOOP_ANALYSIS = YES;
				CLANG_WARN_STRICT_PROTOTYPES = YES;
				CLANG_WARN_SUSPICIOUS_MOVE = YES;
				CLANG_WARN_UNGUARDED_AVAILABILITY = YES_AGGRESSIVE;
				CLANG_WARN_UNREACHABLE_CODE = YES;
				CLANG_WARN__DUPLICATE_METHOD_MATCH = YES;
				COPY_PHASE_STRIP = NO;
				DEBUG_INFORMATION_FORMAT = "dwarf-with-dsym";
				ENABLE_NS_ASSERTIONS = NO;
				ENABLE_STRICT_OBJC_MSGSEND = YES;
				GCC_C_LANGUAGE_STANDARD = gnu11;
				GCC_NO_COMMON_BLOCKS = YES;
				GCC_WARN_64_TO_32_BIT_CONVERSION = YES;
				GCC_WARN_ABOUT_RETURN_TYPE = YES_ERROR;
				GCC_WARN_UNDECLARED_SELECTOR = YES;
				GCC_WARN_UNINITIALIZED_AUTOS = YES_AGGRESSIVE;
				GCC_WARN_UNUSED_FUNCTION = YES;
				GCC_WARN_UNUSED_VARIABLE = YES;
				IPHONEOS_DEPLOYMENT_TARGET = 14.1;
				MTL_ENABLE_DEBUG_INFO = NO;
				MTL_FAST_MATH = YES;
				SDKROOT = iphoneos;
				SWIFT_COMPILATION_MODE = wholemodule;
				SWIFT_OPTIMIZATION_LEVEL = "-O";
				VALIDATE_PRODUCT = YES;
			};
			name = Release;
		};
		172CEA5628FC1FAA006D297B /* Debug */ = {
			isa = XCBuildConfiguration;
			buildSettings = {
				ASSETCATALOG_COMPILER_APPICON_NAME = AppIcon;
				ASSETCATALOG_COMPILER_GLOBAL_ACCENT_COLOR_NAME = AccentColor;
				CODE_SIGN_STYLE = Automatic;
				CURRENT_PROJECT_VERSION = 1;
				DEVELOPMENT_TEAM = JH7VUP2CH4;
				GENERATE_INFOPLIST_FILE = YES;
				INFOPLIST_FILE = Pcaller/Info.plist;
				INFOPLIST_KEY_CFBundleDisplayName = Pcaller;
				INFOPLIST_KEY_UIApplicationSupportsIndirectInputEvents = YES;
				INFOPLIST_KEY_UILaunchStoryboardName = LaunchScreen;
				INFOPLIST_KEY_UIMainStoryboardFile = Main;
				INFOPLIST_KEY_UISupportedInterfaceOrientations = UIInterfaceOrientationPortrait;
				IPHONEOS_DEPLOYMENT_TARGET = 14.0;
				LD_RUNPATH_SEARCH_PATHS = (
					"$(inherited)",
					"@executable_path/Frameworks",
				);
				MARKETING_VERSION = 1.1;
				PRODUCT_BUNDLE_IDENTIFIER = com.Oran.Pcaller;
				PRODUCT_NAME = "$(TARGET_NAME)";
				SUPPORTED_PLATFORMS = "iphoneos iphonesimulator";
				SUPPORTS_MACCATALYST = NO;
				SUPPORTS_MAC_DESIGNED_FOR_IPHONE_IPAD = NO;
				SWIFT_EMIT_LOC_STRINGS = YES;
				SWIFT_VERSION = 5.0;
				TARGETED_DEVICE_FAMILY = 1;
			};
			name = Debug;
		};
		172CEA5728FC1FAA006D297B /* Release */ = {
			isa = XCBuildConfiguration;
			buildSettings = {
				ASSETCATALOG_COMPILER_APPICON_NAME = AppIcon;
				ASSETCATALOG_COMPILER_GLOBAL_ACCENT_COLOR_NAME = AccentColor;
				CODE_SIGN_STYLE = Automatic;
				CURRENT_PROJECT_VERSION = 1;
				DEVELOPMENT_TEAM = JH7VUP2CH4;
				GENERATE_INFOPLIST_FILE = YES;
				INFOPLIST_FILE = Pcaller/Info.plist;
				INFOPLIST_KEY_CFBundleDisplayName = Pcaller;
				INFOPLIST_KEY_UIApplicationSupportsIndirectInputEvents = YES;
				INFOPLIST_KEY_UILaunchStoryboardName = LaunchScreen;
				INFOPLIST_KEY_UIMainStoryboardFile = Main;
				INFOPLIST_KEY_UISupportedInterfaceOrientations = UIInterfaceOrientationPortrait;
				IPHONEOS_DEPLOYMENT_TARGET = 14.0;
				LD_RUNPATH_SEARCH_PATHS = (
					"$(inherited)",
					"@executable_path/Frameworks",
				);
				MARKETING_VERSION = 1.1;
				PRODUCT_BUNDLE_IDENTIFIER = com.Oran.Pcaller;
				PRODUCT_NAME = "$(TARGET_NAME)";
				SUPPORTED_PLATFORMS = "iphoneos iphonesimulator";
				SUPPORTS_MACCATALYST = NO;
				SUPPORTS_MAC_DESIGNED_FOR_IPHONE_IPAD = NO;
				SWIFT_EMIT_LOC_STRINGS = YES;
				SWIFT_VERSION = 5.0;
				TARGETED_DEVICE_FAMILY = 1;
			};
			name = Release;
		};
/* End XCBuildConfiguration section */

/* Begin XCConfigurationList section */
		172CEA3C28FC1FA9006D297B /* Build configuration list for PBXProject "Pcaller" */ = {
			isa = XCConfigurationList;
			buildConfigurations = (
				172CEA5328FC1FAA006D297B /* Debug */,
				172CEA5428FC1FAA006D297B /* Release */,
			);
			defaultConfigurationIsVisible = 0;
			defaultConfigurationName = Release;
		};
		172CEA5528FC1FAA006D297B /* Build configuration list for PBXNativeTarget "Pcaller" */ = {
			isa = XCConfigurationList;
			buildConfigurations = (
				172CEA5628FC1FAA006D297B /* Debug */,
				172CEA5728FC1FAA006D297B /* Release */,
			);
			defaultConfigurationIsVisible = 0;
			defaultConfigurationName = Release;
		};
/* End XCConfigurationList section */

/* Begin XCRemoteSwiftPackageReference section */
		17863A1B292ACEF20023077F /* XCRemoteSwiftPackageReference "keychain-swift" */ = {
			isa = XCRemoteSwiftPackageReference;
			repositoryURL = "https://github.com/evgenyneu/keychain-swift.git";
			requirement = {
				branch = master;
				kind = branch;
			};
		};
/* End XCRemoteSwiftPackageReference section */

/* Begin XCSwiftPackageProductDependency section */
		17863A1C292ACEF20023077F /* KeychainSwift */ = {
			isa = XCSwiftPackageProductDependency;
			package = 17863A1B292ACEF20023077F /* XCRemoteSwiftPackageReference "keychain-swift" */;
			productName = KeychainSwift;
		};
/* End XCSwiftPackageProductDependency section */

/* Begin XCVersionGroup section */
		17C541312903F71C0032F15B /* CallHistoryData.xcdatamodeld */ = {
			isa = XCVersionGroup;
			children = (
				17C541322903F71C0032F15B /* CallHistoryData.xcdatamodel */,
			);
			currentVersion = 17C541322903F71C0032F15B /* CallHistoryData.xcdatamodel */;
			path = CallHistoryData.xcdatamodeld;
			sourceTree = "<group>";
			versionGroupType = wrapper.xcdatamodel;
		};
/* End XCVersionGroup section */
	};
	rootObject = 172CEA3928FC1FA9006D297B /* Project object */;
}
